
Microsoft Visual Studio Solution File, Format Version 12.00
# Visual Studio 2012
Project("{FAE04EC0-301F-11D3-BF4B-00C04F79EFBC}") = "AspProject", "AspProject\AspProject.csproj", "{9ED17CC1-52F4-4113-8C21-3CCC721955BF}"
EndProject
Project("{FAE04EC0-301F-11D3-BF4B-00C04F79EFBC}") = "BAL", "BAL\BAL.csproj", "{B2C0E250-0B95-42C2-8B37-F4F7BACE16B6}"
EndProject
Project("{FAE04EC0-301F-11D3-BF4B-00C04F79EFBC}") = "DAL", "DAL\DAL.csproj", "{8D5FFBA7-8925-411C-B51A-0AD58007D489}"
EndProject
Project("{FAE04EC0-301F-11D3-BF4B-00C04F79EFBC}") = "MvcProject", "MvcProject\MvcProject.csproj", "{92427D40-24EE-4600-9EE4-68E8084FBF1B}"
EndProject
Project("{FAE04EC0-301F-11D3-BF4B-00C04F79EFBC}") = "MvcProject.Tests", "MvcProject.Tests\MvcProject.Tests.csproj", "{607583FF-63EF-4210-8FCE-1ADB7B7B7909}"
EndProject
Global
	GlobalSection(SolutionConfigurationPlatforms) = preSolution
		Debug|Any CPU = Debug|Any CPU
		Release|Any CPU = Release|Any CPU
	EndGlobalSection
	GlobalSection(ProjectConfigurationPlatforms) = postSolution
		{9ED17CC1-52F4-4113-8C21-3CCC721955BF}.Debug|Any CPU.ActiveCfg = Debug|Any CPU
		{9ED17CC1-52F4-4113-8C21-3CCC721955BF}.Debug|Any CPU.Build.0 = Debug|Any CPU
		{9ED17CC1-52F4-4113-8C21-3CCC721955BF}.Release|Any CPU.ActiveCfg = Release|Any CPU
		{9ED17CC1-52F4-4113-8C21-3CCC721955BF}.Release|Any CPU.Build.0 = Release|Any CPU
		{B2C0E250-0B95-42C2-8B37-F4F7BACE16B6}.Debug|Any CPU.ActiveCfg = Debug|Any CPU
		{B2C0E250-0B95-42C2-8B37-F4F7BACE16B6}.Debug|Any CPU.Build.0 = Debug|Any CPU
		{B2C0E250-0B95-42C2-8B37-F4F7BACE16B6}.Release|Any CPU.ActiveCfg = Release|Any CPU
		{B2C0E250-0B95-42C2-8B37-F4F7BACE16B6}.Release|Any CPU.Build.0 = Release|Any CPU
		{8D5FFBA7-8925-411C-B51A-0AD58007D489}.Debug|Any CPU.ActiveCfg = Debug|Any CPU
		{8D5FFBA7-8925-411C-B51A-0AD58007D489}.Debug|Any CPU.Build.0 = Debug|Any CPU
		{8D5FFBA7-8925-411C-B51A-0AD58007D489}.Release|Any CPU.ActiveCfg = Release|Any CPU
		{8D5FFBA7-8925-411C-B51A-0AD58007D489}.Release|Any CPU.Build.0 = Release|Any CPU
		{92427D40-24EE-4600-9EE4-68E8084FBF1B}.Debug|Any CPU.ActiveCfg = Debug|Any CPU
		{92427D40-24EE-4600-9EE4-68E8084FBF1B}.Debug|Any CPU.Build.0 = Debug|Any CPU
		{92427D40-24EE-4600-9EE4-68E8084FBF1B}.Release|Any CPU.ActiveCfg = Release|Any CPU
		{92427D40-24EE-4600-9EE4-68E8084FBF1B}.Release|Any CPU.Build.0 = Release|Any CPU
		{607583FF-63EF-4210-8FCE-1ADB7B7B7909}.Debug|Any CPU.ActiveCfg = Debug|Any CPU
		{607583FF-63EF-4210-8FCE-1ADB7B7B7909}.Debug|Any CPU.Build.0 = Debug|Any CPU
		{607583FF-63EF-4210-8FCE-1ADB7B7B7909}.Release|Any CPU.ActiveCfg = Release|Any CPU
		{607583FF-63EF-4210-8FCE-1ADB7B7B7909}.Release|Any CPU.Build.0 = Release|Any CPU
	EndGlobalSection
	GlobalSection(SolutionProperties) = preSolution
		HideSolutionNode = FALSE
	EndGlobalSection
EndGlobal
